// !$*UTF8*$!
{
	archiveVersion = 1;
	classes = {
	};
	objectVersion = 56;
	objects = {

/* Begin PBXBuildFile section */
		A00000000000000000000102 /* BarcodeModels.swift in Sources */ = {isa = PBXBuildFile; fileRef = A00000000000000000000002 /* BarcodeModels.swift */; };
		A00000000000000000000104 /* DebugLogger.swift in Sources */ = {isa = PBXBuildFile; fileRef = A00000000000000000000004 /* DebugLogger.swift */; };
		A00000000000000000000107 /* PlatformCapability.swift in Sources */ = {isa = PBXBuildFile; fileRef = A00000000000000000000007 /* PlatformCapability.swift */; };
		A00000000000000000000108 /* BarcodeImageRecognizer.swift in Sources */ = {isa = PBXBuildFile; fileRef = A00000000000000000000008 /* BarcodeImageRecognizer.swift */; };
		A00000000000000000000109 /* QRCodeGenerator.swift in Sources */ = {isa = PBXBuildFile; fileRef = A00000000000000000000009 /* QRCodeGenerator.swift */; };
		A00000000000000000000110 /* Theme.swift in Sources */ = {isa = PBXBuildFile; fileRef = A00000000000000000000010 /* Theme.swift */; };
		A00000000000000000000112 /* Compatibility.swift in Sources */ = {isa = PBXBuildFile; fileRef = A00000000000000000000012 /* Compatibility.swift */; };
		A00000000000000000000113 /* PlatformImageView.swift in Sources */ = {isa = PBXBuildFile; fileRef = A00000000000000000000013 /* PlatformImageView.swift */; };
		A00000000000000000000114 /* ScannerView.swift in Sources */ = {isa = PBXBuildFile; fileRef = A00000000000000000000014 /* ScannerView.swift */; };
		A00000000000000000000115 /* ScanResultView.swift in Sources */ = {isa = PBXBuildFile; fileRef = A00000000000000000000015 /* ScanResultView.swift */; };
		A00000000000000000000116 /* HistoryView.swift in Sources */ = {isa = PBXBuildFile; fileRef = A00000000000000000000016 /* HistoryView.swift */; };
		A00000000000000000000117 /* GeneratorView.swift in Sources */ = {isa = PBXBuildFile; fileRef = A00000000000000000000017 /* GeneratorView.swift */; };
		A00000000000000000000118 /* SettingsView.swift in Sources */ = {isa = PBXBuildFile; fileRef = A00000000000000000000018 /* SettingsView.swift */; };
		A00000000000000000000119 /* DebugLogView.swift in Sources */ = {isa = PBXBuildFile; fileRef = A00000000000000000000019 /* DebugLogView.swift */; };
		A00000000000000000000120 /* QRScanProApp.swift in Sources */ = {isa = PBXBuildFile; fileRef = A00000000000000000000020 /* QRScanProApp.swift */; };
		A00000000000000000000121 /* ClipboardService.swift in Sources */ = {isa = PBXBuildFile; fileRef = A00000000000000000000021 /* ClipboardService.swift */; };
		A00000000000000000000124 /* LiveScannerContainer.swift in Sources */ = {isa = PBXBuildFile; fileRef = A00000000000000000000024 /* LiveScannerContainer.swift */; };
		A00000000000000000000202 /* BarcodeModels.swift in Sources */ = {isa = PBXBuildFile; fileRef = A00000000000000000000002 /* BarcodeModels.swift */; };
		A00000000000000000000204 /* DebugLogger.swift in Sources */ = {isa = PBXBuildFile; fileRef = A00000000000000000000004 /* DebugLogger.swift */; };
		A00000000000000000000207 /* PlatformCapability.swift in Sources */ = {isa = PBXBuildFile; fileRef = A00000000000000000000007 /* PlatformCapability.swift */; };
		A00000000000000000000208 /* BarcodeImageRecognizer.swift in Sources */ = {isa = PBXBuildFile; fileRef = A00000000000000000000008 /* BarcodeImageRecognizer.swift */; };
		A00000000000000000000209 /* QRCodeGenerator.swift in Sources */ = {isa = PBXBuildFile; fileRef = A00000000000000000000009 /* QRCodeGenerator.swift */; };
		A00000000000000000000210 /* Theme.swift in Sources */ = {isa = PBXBuildFile; fileRef = A00000000000000000000010 /* Theme.swift */; };
		A00000000000000000000212 /* Compatibility.swift in Sources */ = {isa = PBXBuildFile; fileRef = A00000000000000000000012 /* Compatibility.swift */; };
		A00000000000000000000213 /* PlatformImageView.swift in Sources */ = {isa = PBXBuildFile; fileRef = A00000000000000000000013 /* PlatformImageView.swift */; };
		A00000000000000000000214 /* ScannerView.swift in Sources */ = {isa = PBXBuildFile; fileRef = A00000000000000000000014 /* ScannerView.swift */; };
		A00000000000000000000215 /* ScanResultView.swift in Sources */ = {isa = PBXBuildFile; fileRef = A00000000000000000000015 /* ScanResultView.swift */; };
		A00000000000000000000216 /* HistoryView.swift in Sources */ = {isa = PBXBuildFile; fileRef = A00000000000000000000016 /* HistoryView.swift */; };
		A00000000000000000000217 /* GeneratorView.swift in Sources */ = {isa = PBXBuildFile; fileRef = A00000000000000000000017 /* GeneratorView.swift */; };
		A00000000000000000000218 /* SettingsView.swift in Sources */ = {isa = PBXBuildFile; fileRef = A00000000000000000000018 /* SettingsView.swift */; };
		A00000000000000000000219 /* DebugLogView.swift in Sources */ = {isa = PBXBuildFile; fileRef = A00000000000000000000019 /* DebugLogView.swift */; };
		A00000000000000000000220 /* QRScanProMacApp.swift in Sources */ = {isa = PBXBuildFile; fileRef = A00000000000000000000026 /* QRScanProMacApp.swift */; };
		A00000000000000000000221 /* ClipboardService.swift in Sources */ = {isa = PBXBuildFile; fileRef = A00000000000000000000027 /* ClipboardService.swift */; };
		B00000000000000000000101 /* ScanRecord.swift in Sources */ = {isa = PBXBuildFile; fileRef = B00000000000000000000001 /* ScanRecord.swift */; };
		B00000000000000000000102 /* GeneratedRecord.swift in Sources */ = {isa = PBXBuildFile; fileRef = B00000000000000000000002 /* GeneratedRecord.swift */; };
		B00000000000000000000103 /* GenerateConfig.swift in Sources */ = {isa = PBXBuildFile; fileRef = B00000000000000000000003 /* GenerateConfig.swift */; };
		B00000000000000000000104 /* HistoryItem.swift in Sources */ = {isa = PBXBuildFile; fileRef = B00000000000000000000004 /* HistoryItem.swift */; };
		B00000000000000000000105 /* SettingsStore.swift in Sources */ = {isa = PBXBuildFile; fileRef = B00000000000000000000005 /* SettingsStore.swift */; };
		B00000000000000000000106 /* HistoryRepository.swift in Sources */ = {isa = PBXBuildFile; fileRef = B00000000000000000000006 /* HistoryRepository.swift */; };
		B00000000000000000000107 /* DesignTokens.swift in Sources */ = {isa = PBXBuildFile; fileRef = B00000000000000000000007 /* DesignTokens.swift */; };
		B00000000000000000000108 /* PlaceholderScreen.swift in Sources */ = {isa = PBXBuildFile; fileRef = B00000000000000000000008 /* PlaceholderScreen.swift */; };
		B00000000000000000000109 /* iOSRootView.swift in Sources */ = {isa = PBXBuildFile; fileRef = B00000000000000000000009 /* iOSRootView.swift */; };
		B00000000000000000000111 /* HapticFeedback.swift in Sources */ = {isa = PBXBuildFile; fileRef = B00000000000000000000011 /* HapticFeedback.swift */; };
		B00000000000000000000112 /* InAppBrowserView.swift in Sources */ = {isa = PBXBuildFile; fileRef = B00000000000000000000012 /* InAppBrowserView.swift */; };
		B00000000000000000000113 /* ScannerOverlay.swift in Sources */ = {isa = PBXBuildFile; fileRef = B00000000000000000000013 /* ScannerOverlay.swift */; };
		B00000000000000000000114 /* MacImageRecognitionView.swift in Sources */ = {isa = PBXBuildFile; fileRef = B00000000000000000000014 /* MacImageRecognitionView.swift */; };
		B00000000000000000000115 /* FileExporter.swift in Sources */ = {isa = PBXBuildFile; fileRef = B00000000000000000000015 /* FileExporter.swift */; };
		B00000000000000000000116 /* ColorHex.swift in Sources */ = {isa = PBXBuildFile; fileRef = B00000000000000000000016 /* ColorHex.swift */; };
		B00000000000000000000117 /* DotShapeRenderer.swift in Sources */ = {isa = PBXBuildFile; fileRef = B00000000000000000000017 /* DotShapeRenderer.swift */; };
		B00000000000000000000118 /* LogoCompositor.swift in Sources */ = {isa = PBXBuildFile; fileRef = B00000000000000000000018 /* LogoCompositor.swift */; };
		B00000000000000000000119 /* ContrastChecker.swift in Sources */ = {isa = PBXBuildFile; fileRef = B00000000000000000000019 /* ContrastChecker.swift */; };
		B00000000000000000000120 /* PNGExporter.swift in Sources */ = {isa = PBXBuildFile; fileRef = B00000000000000000000020 /* PNGExporter.swift */; };
		B00000000000000000000121 /* SVGExporter.swift in Sources */ = {isa = PBXBuildFile; fileRef = B00000000000000000000021 /* SVGExporter.swift */; };
		B00000000000000000000122 /* PDFExporter.swift in Sources */ = {isa = PBXBuildFile; fileRef = B00000000000000000000022 /* PDFExporter.swift */; };
		B00000000000000000000123 /* CheckerboardBackground.swift in Sources */ = {isa = PBXBuildFile; fileRef = B00000000000000000000023 /* CheckerboardBackground.swift */; };
		B00000000000000000000124 /* GeneratorState.swift in Sources */ = {isa = PBXBuildFile; fileRef = B00000000000000000000024 /* GeneratorState.swift */; };
		B00000000000000000000125 /* PhotoLibrarySaver.swift in Sources */ = {isa = PBXBuildFile; fileRef = B00000000000000000000025 /* PhotoLibrarySaver.swift */; };
		B00000000000000000000126 /* ShareItemsButton.swift in Sources */ = {isa = PBXBuildFile; fileRef = B00000000000000000000026 /* ShareItemsButton.swift */; };
		B00000000000000000000127 /* ExportDirectoryBookmark.swift in Sources */ = {isa = PBXBuildFile; fileRef = B00000000000000000000027 /* ExportDirectoryBookmark.swift */; };
		B00000000000000000000227 /* ExportDirectoryBookmark.swift in Sources */ = {isa = PBXBuildFile; fileRef = B00000000000000000000027 /* ExportDirectoryBookmark.swift */; };
		B00000000000000000000201 /* ScanRecord.swift in Sources */ = {isa = PBXBuildFile; fileRef = B00000000000000000000001 /* ScanRecord.swift */; };
		B00000000000000000000202 /* GeneratedRecord.swift in Sources */ = {isa = PBXBuildFile; fileRef = B00000000000000000000002 /* GeneratedRecord.swift */; };
		B00000000000000000000203 /* GenerateConfig.swift in Sources */ = {isa = PBXBuildFile; fileRef = B00000000000000000000003 /* GenerateConfig.swift */; };
		B00000000000000000000204 /* HistoryItem.swift in Sources */ = {isa = PBXBuildFile; fileRef = B00000000000000000000004 /* HistoryItem.swift */; };
		B00000000000000000000205 /* SettingsStore.swift in Sources */ = {isa = PBXBuildFile; fileRef = B00000000000000000000005 /* SettingsStore.swift */; };
		B00000000000000000000206 /* HistoryRepository.swift in Sources */ = {isa = PBXBuildFile; fileRef = B00000000000000000000006 /* HistoryRepository.swift */; };
		B00000000000000000000207 /* DesignTokens.swift in Sources */ = {isa = PBXBuildFile; fileRef = B00000000000000000000007 /* DesignTokens.swift */; };
		B00000000000000000000208 /* PlaceholderScreen.swift in Sources */ = {isa = PBXBuildFile; fileRef = B00000000000000000000008 /* PlaceholderScreen.swift */; };
		B00000000000000000000210 /* MacRootView.swift in Sources */ = {isa = PBXBuildFile; fileRef = B00000000000000000000010 /* MacRootView.swift */; };
		B00000000000000000000212 /* InAppBrowserView.swift in Sources */ = {isa = PBXBuildFile; fileRef = B00000000000000000000012 /* InAppBrowserView.swift */; };
		B00000000000000000000213 /* ScannerOverlay.swift in Sources */ = {isa = PBXBuildFile; fileRef = B00000000000000000000013 /* ScannerOverlay.swift */; };
		B00000000000000000000214 /* MacImageRecognitionView.swift in Sources */ = {isa = PBXBuildFile; fileRef = B00000000000000000000014 /* MacImageRecognitionView.swift */; };
		B00000000000000000000215 /* FileExporter.swift in Sources */ = {isa = PBXBuildFile; fileRef = B00000000000000000000015 /* FileExporter.swift */; };
		B00000000000000000000216 /* ColorHex.swift in Sources */ = {isa = PBXBuildFile; fileRef = B00000000000000000000016 /* ColorHex.swift */; };
		B00000000000000000000217 /* DotShapeRenderer.swift in Sources */ = {isa = PBXBuildFile; fileRef = B00000000000000000000017 /* DotShapeRenderer.swift */; };
		B00000000000000000000218 /* LogoCompositor.swift in Sources */ = {isa = PBXBuildFile; fileRef = B00000000000000000000018 /* LogoCompositor.swift */; };
		B00000000000000000000219 /* ContrastChecker.swift in Sources */ = {isa = PBXBuildFile; fileRef = B00000000000000000000019 /* ContrastChecker.swift */; };
		B00000000000000000000220 /* PNGExporter.swift in Sources */ = {isa = PBXBuildFile; fileRef = B00000000000000000000020 /* PNGExporter.swift */; };
		B00000000000000000000221 /* SVGExporter.swift in Sources */ = {isa = PBXBuildFile; fileRef = B00000000000000000000021 /* SVGExporter.swift */; };
		B00000000000000000000222 /* PDFExporter.swift in Sources */ = {isa = PBXBuildFile; fileRef = B00000000000000000000022 /* PDFExporter.swift */; };
		B00000000000000000000223 /* CheckerboardBackground.swift in Sources */ = {isa = PBXBuildFile; fileRef = B00000000000000000000023 /* CheckerboardBackground.swift */; };
		B00000000000000000000224 /* GeneratorState.swift in Sources */ = {isa = PBXBuildFile; fileRef = B00000000000000000000024 /* GeneratorState.swift */; };
/* End PBXBuildFile section */

/* Begin PBXFileReference section */
		A00000000000000000000002 /* BarcodeModels.swift */ = {isa = PBXFileReference; lastKnownFileType = sourcecode.swift; path = BarcodeModels.swift; sourceTree = "<group>"; };
		A00000000000000000000004 /* DebugLogger.swift */ = {isa = PBXFileReference; lastKnownFileType = sourcecode.swift; path = DebugLogger.swift; sourceTree = "<group>"; };
		A00000000000000000000007 /* PlatformCapability.swift */ = {isa = PBXFileReference; lastKnownFileType = sourcecode.swift; path = PlatformCapability.swift; sourceTree = "<group>"; };
		A00000000000000000000008 /* BarcodeImageRecognizer.swift */ = {isa = PBXFileReference; lastKnownFileType = sourcecode.swift; path = BarcodeImageRecognizer.swift; sourceTree = "<group>"; };
		A00000000000000000000009 /* QRCodeGenerator.swift */ = {isa = PBXFileReference; lastKnownFileType = sourcecode.swift; path = QRCodeGenerator.swift; sourceTree = "<group>"; };
		A00000000000000000000010 /* Theme.swift */ = {isa = PBXFileReference; lastKnownFileType = sourcecode.swift; path = Theme.swift; sourceTree = "<group>"; };
		A00000000000000000000012 /* Compatibility.swift */ = {isa = PBXFileReference; lastKnownFileType = sourcecode.swift; path = Compatibility.swift; sourceTree = "<group>"; };
		A00000000000000000000013 /* PlatformImageView.swift */ = {isa = PBXFileReference; lastKnownFileType = sourcecode.swift; path = PlatformImageView.swift; sourceTree = "<group>"; };
		A00000000000000000000014 /* ScannerView.swift */ = {isa = PBXFileReference; lastKnownFileType = sourcecode.swift; path = ScannerView.swift; sourceTree = "<group>"; };
		A00000000000000000000015 /* ScanResultView.swift */ = {isa = PBXFileReference; lastKnownFileType = sourcecode.swift; path = ScanResultView.swift; sourceTree = "<group>"; };
		A00000000000000000000016 /* HistoryView.swift */ = {isa = PBXFileReference; lastKnownFileType = sourcecode.swift; path = HistoryView.swift; sourceTree = "<group>"; };
		A00000000000000000000017 /* GeneratorView.swift */ = {isa = PBXFileReference; lastKnownFileType = sourcecode.swift; path = GeneratorView.swift; sourceTree = "<group>"; };
		A00000000000000000000018 /* SettingsView.swift */ = {isa = PBXFileReference; lastKnownFileType = sourcecode.swift; path = SettingsView.swift; sourceTree = "<group>"; };
		A00000000000000000000019 /* DebugLogView.swift */ = {isa = PBXFileReference; lastKnownFileType = sourcecode.swift; path = DebugLogView.swift; sourceTree = "<group>"; };
		A00000000000000000000020 /* QRScanProApp.swift */ = {isa = PBXFileReference; lastKnownFileType = sourcecode.swift; path = QRScanProApp.swift; sourceTree = "<group>"; };
		A00000000000000000000021 /* ClipboardService.swift */ = {isa = PBXFileReference; lastKnownFileType = sourcecode.swift; path = ClipboardService.swift; sourceTree = "<group>"; };
		A00000000000000000000024 /* LiveScannerContainer.swift */ = {isa = PBXFileReference; lastKnownFileType = sourcecode.swift; path = LiveScannerContainer.swift; sourceTree = "<group>"; };
		A00000000000000000000026 /* QRScanProMacApp.swift */ = {isa = PBXFileReference; lastKnownFileType = sourcecode.swift; path = QRScanProMacApp.swift; sourceTree = "<group>"; };
		A00000000000000000000027 /* ClipboardService.swift */ = {isa = PBXFileReference; lastKnownFileType = sourcecode.swift; path = ClipboardService.swift; sourceTree = "<group>"; };
		A00000000000000000000030 /* QRScan Pro.app */ = {isa = PBXFileReference; explicitFileType = wrapper.application; includeInIndex = 0; path = "QRScan Pro.app"; sourceTree = BUILT_PRODUCTS_DIR; };
		A00000000000000000000031 /* QRScan Pro.app */ = {isa = PBXFileReference; explicitFileType = wrapper.application; includeInIndex = 0; path = "QRScan Pro.app"; sourceTree = BUILT_PRODUCTS_DIR; };
		B00000000000000000000001 /* ScanRecord.swift */ = {isa = PBXFileReference; lastKnownFileType = sourcecode.swift; path = ScanRecord.swift; sourceTree = "<group>"; };
		B00000000000000000000002 /* GeneratedRecord.swift */ = {isa = PBXFileReference; lastKnownFileType = sourcecode.swift; path = GeneratedRecord.swift; sourceTree = "<group>"; };
		B00000000000000000000003 /* GenerateConfig.swift */ = {isa = PBXFileReference; lastKnownFileType = sourcecode.swift; path = GenerateConfig.swift; sourceTree = "<group>"; };
		B00000000000000000000004 /* HistoryItem.swift */ = {isa = PBXFileReference; lastKnownFileType = sourcecode.swift; path = HistoryItem.swift; sourceTree = "<group>"; };
		B00000000000000000000005 /* SettingsStore.swift */ = {isa = PBXFileReference; lastKnownFileType = sourcecode.swift; path = SettingsStore.swift; sourceTree = "<group>"; };
		B00000000000000000000006 /* HistoryRepository.swift */ = {isa = PBXFileReference; lastKnownFileType = sourcecode.swift; path = HistoryRepository.swift; sourceTree = "<group>"; };
		B00000000000000000000007 /* DesignTokens.swift */ = {isa = PBXFileReference; lastKnownFileType = sourcecode.swift; path = DesignTokens.swift; sourceTree = "<group>"; };
		B00000000000000000000008 /* PlaceholderScreen.swift */ = {isa = PBXFileReference; lastKnownFileType = sourcecode.swift; path = PlaceholderScreen.swift; sourceTree = "<group>"; };
		B00000000000000000000009 /* iOSRootView.swift */ = {isa = PBXFileReference; lastKnownFileType = sourcecode.swift; path = iOSRootView.swift; sourceTree = "<group>"; };
		B00000000000000000000010 /* MacRootView.swift */ = {isa = PBXFileReference; lastKnownFileType = sourcecode.swift; path = MacRootView.swift; sourceTree = "<group>"; };
		B00000000000000000000011 /* HapticFeedback.swift */ = {isa = PBXFileReference; lastKnownFileType = sourcecode.swift; path = HapticFeedback.swift; sourceTree = "<group>"; };
		B00000000000000000000012 /* InAppBrowserView.swift */ = {isa = PBXFileReference; lastKnownFileType = sourcecode.swift; path = InAppBrowserView.swift; sourceTree = "<group>"; };
		B00000000000000000000013 /* ScannerOverlay.swift */ = {isa = PBXFileReference; lastKnownFileType = sourcecode.swift; path = ScannerOverlay.swift; sourceTree = "<group>"; };
		B00000000000000000000014 /* MacImageRecognitionView.swift */ = {isa = PBXFileReference; lastKnownFileType = sourcecode.swift; path = MacImageRecognitionView.swift; sourceTree = "<group>"; };
		B00000000000000000000015 /* FileExporter.swift */ = {isa = PBXFileReference; lastKnownFileType = sourcecode.swift; path = FileExporter.swift; sourceTree = "<group>"; };
		B00000000000000000000016 /* ColorHex.swift */ = {isa = PBXFileReference; lastKnownFileType = sourcecode.swift; path = ColorHex.swift; sourceTree = "<group>"; };
		B00000000000000000000017 /* DotShapeRenderer.swift */ = {isa = PBXFileReference; lastKnownFileType = sourcecode.swift; path = DotShapeRenderer.swift; sourceTree = "<group>"; };
		B00000000000000000000018 /* LogoCompositor.swift */ = {isa = PBXFileReference; lastKnownFileType = sourcecode.swift; path = LogoCompositor.swift; sourceTree = "<group>"; };
		B00000000000000000000019 /* ContrastChecker.swift */ = {isa = PBXFileReference; lastKnownFileType = sourcecode.swift; path = ContrastChecker.swift; sourceTree = "<group>"; };
		B00000000000000000000020 /* PNGExporter.swift */ = {isa = PBXFileReference; lastKnownFileType = sourcecode.swift; path = PNGExporter.swift; sourceTree = "<group>"; };
		B00000000000000000000021 /* SVGExporter.swift */ = {isa = PBXFileReference; lastKnownFileType = sourcecode.swift; path = SVGExporter.swift; sourceTree = "<group>"; };
		B00000000000000000000022 /* PDFExporter.swift */ = {isa = PBXFileReference; lastKnownFileType = sourcecode.swift; path = PDFExporter.swift; sourceTree = "<group>"; };
		B00000000000000000000023 /* CheckerboardBackground.swift */ = {isa = PBXFileReference; lastKnownFileType = sourcecode.swift; path = CheckerboardBackground.swift; sourceTree = "<group>"; };
		B00000000000000000000024 /* GeneratorState.swift */ = {isa = PBXFileReference; lastKnownFileType = sourcecode.swift; path = GeneratorState.swift; sourceTree = "<group>"; };
		B00000000000000000000025 /* PhotoLibrarySaver.swift */ = {isa = PBXFileReference; lastKnownFileType = sourcecode.swift; path = PhotoLibrarySaver.swift; sourceTree = "<group>"; };
		B00000000000000000000026 /* ShareItemsButton.swift */ = {isa = PBXFileReference; lastKnownFileType = sourcecode.swift; path = ShareItemsButton.swift; sourceTree = "<group>"; };
		B00000000000000000000027 /* ExportDirectoryBookmark.swift */ = {isa = PBXFileReference; lastKnownFileType = sourcecode.swift; path = ExportDirectoryBookmark.swift; sourceTree = "<group>"; };
/* End PBXFileReference section */

/* Begin PBXFrameworksBuildPhase section */
		A00000000000000000000301 /* Frameworks */ = {
			isa = PBXFrameworksBuildPhase;
			buildActionMask = 2147483647;
			files = (
			);
			runOnlyForDeploymentPostprocessing = 0;
		};
		A00000000000000000000302 /* Frameworks */ = {
			isa = PBXFrameworksBuildPhase;
			buildActionMask = 2147483647;
			files = (
			);
			runOnlyForDeploymentPostprocessing = 0;
		};
/* End PBXFrameworksBuildPhase section */

/* Begin PBXGroup section */
		A00000000000000000000400 = {
			isa = PBXGroup;
			children = (
				A00000000000000000000410 /* QRScanPro */,
				A00000000000000000000401 /* Products */,
			);
			sourceTree = "<group>";
		};
		A00000000000000000000401 /* Products */ = {
			isa = PBXGroup;
			children = (
				A00000000000000000000030 /* QRScan Pro.app */,
				A00000000000000000000031 /* QRScan Pro.app */,
			);
			name = Products;
			sourceTree = "<group>";
		};
		A00000000000000000000410 /* QRScanPro */ = {
			isa = PBXGroup;
			children = (
				A00000000000000000000411 /* Shared */,
				A00000000000000000000421 /* iOS */,
				A00000000000000000000422 /* macOS */,
			);
			path = QRScanPro;
			sourceTree = "<group>";
		};
		A00000000000000000000411 /* Shared */ = {
			isa = PBXGroup;
			children = (
				A00000000000000000000412 /* Models */,
				A00000000000000000000413 /* Services */,
				A00000000000000000000414 /* UI */,
				A00000000000000000000415 /* Features */,
			);
			path = Shared;
			sourceTree = "<group>";
		};
		A00000000000000000000412 /* Models */ = {
			isa = PBXGroup;
			children = (
				A00000000000000000000002 /* BarcodeModels.swift */,
				B00000000000000000000001 /* ScanRecord.swift */,
				B00000000000000000000002 /* GeneratedRecord.swift */,
				B00000000000000000000003 /* GenerateConfig.swift */,
				B00000000000000000000004 /* HistoryItem.swift */,
			);
			path = Models;
			sourceTree = "<group>";
		};
		A00000000000000000000413 /* Services */ = {
			isa = PBXGroup;
			children = (
				A00000000000000000000004 /* DebugLogger.swift */,
				A00000000000000000000007 /* PlatformCapability.swift */,
				A00000000000000000000008 /* BarcodeImageRecognizer.swift */,
				A00000000000000000000009 /* QRCodeGenerator.swift */,
				B00000000000000000000005 /* SettingsStore.swift */,
				B00000000000000000000006 /* HistoryRepository.swift */,
				B00000000000000000000015 /* FileExporter.swift */,
				B00000000000000000000017 /* DotShapeRenderer.swift */,
				B00000000000000000000018 /* LogoCompositor.swift */,
				B00000000000000000000019 /* ContrastChecker.swift */,
				B00000000000000000000027 /* ExportDirectoryBookmark.swift */,
				A00000000000000000000424 /* Exporters */,
			);
			path = Services;
			sourceTree = "<group>";
		};
		A00000000000000000000424 /* Exporters */ = {
			isa = PBXGroup;
			children = (
				B00000000000000000000020 /* PNGExporter.swift */,
				B00000000000000000000021 /* SVGExporter.swift */,
				B00000000000000000000022 /* PDFExporter.swift */,
			);
			path = Exporters;
			sourceTree = "<group>";
		};
		A00000000000000000000414 /* UI */ = {
			isa = PBXGroup;
			children = (
				A00000000000000000000010 /* Theme.swift */,
				A00000000000000000000012 /* Compatibility.swift */,
				A00000000000000000000013 /* PlatformImageView.swift */,
				B00000000000000000000007 /* DesignTokens.swift */,
				B00000000000000000000008 /* PlaceholderScreen.swift */,
				B00000000000000000000016 /* ColorHex.swift */,
				B00000000000000000000023 /* CheckerboardBackground.swift */,
			);
			path = UI;
			sourceTree = "<group>";
		};
		A00000000000000000000415 /* Features */ = {
			isa = PBXGroup;
			children = (
				A00000000000000000000416 /* Scanner */,
				A00000000000000000000417 /* History */,
				A00000000000000000000418 /* Generator */,
				A00000000000000000000419 /* Settings */,
				A00000000000000000000420 /* Debug */,
				A00000000000000000000423 /* Web */,
			);
			path = Features;
			sourceTree = "<group>";
		};
		A00000000000000000000416 /* Scanner */ = {
			isa = PBXGroup;
			children = (
				A00000000000000000000014 /* ScannerView.swift */,
				A00000000000000000000015 /* ScanResultView.swift */,
				B00000000000000000000013 /* ScannerOverlay.swift */,
				B00000000000000000000014 /* MacImageRecognitionView.swift */,
			);
			path = Scanner;
			sourceTree = "<group>";
		};
		A00000000000000000000417 /* History */ = {
			isa = PBXGroup;
			children = (
				A00000000000000000000016 /* HistoryView.swift */,
			);
			path = History;
			sourceTree = "<group>";
		};
		A00000000000000000000418 /* Generator */ = {
			isa = PBXGroup;
			children = (
				A00000000000000000000017 /* GeneratorView.swift */,
				B00000000000000000000024 /* GeneratorState.swift */,
			);
			path = Generator;
			sourceTree = "<group>";
		};
		A00000000000000000000419 /* Settings */ = {
			isa = PBXGroup;
			children = (
				A00000000000000000000018 /* SettingsView.swift */,
			);
			path = Settings;
			sourceTree = "<group>";
		};
		A00000000000000000000420 /* Debug */ = {
			isa = PBXGroup;
			children = (
				A00000000000000000000019 /* DebugLogView.swift */,
			);
			path = Debug;
			sourceTree = "<group>";
		};
		A00000000000000000000421 /* iOS */ = {
			isa = PBXGroup;
			children = (
				A00000000000000000000020 /* QRScanProApp.swift */,
				B00000000000000000000009 /* iOSRootView.swift */,
				A00000000000000000000021 /* ClipboardService.swift */,
				A00000000000000000000024 /* LiveScannerContainer.swift */,
				B00000000000000000000011 /* HapticFeedback.swift */,
				B00000000000000000000025 /* PhotoLibrarySaver.swift */,
				B00000000000000000000026 /* ShareItemsButton.swift */,
			);
			path = iOS;
			sourceTree = "<group>";
		};
		A00000000000000000000422 /* macOS */ = {
			isa = PBXGroup;
			children = (
				A00000000000000000000026 /* QRScanProMacApp.swift */,
				B00000000000000000000010 /* MacRootView.swift */,
				A00000000000000000000027 /* ClipboardService.swift */,
			);
			path = macOS;
			sourceTree = "<group>";
		};
		A00000000000000000000423 /* Web */ = {
			isa = PBXGroup;
			children = (
				B00000000000000000000012 /* InAppBrowserView.swift */,
			);
			path = Web;
			sourceTree = "<group>";
		};
/* End PBXGroup section */

/* Begin PBXNativeTarget section */
		A00000000000000000000501 /* QRScan Pro iOS */ = {
			isa = PBXNativeTarget;
			buildConfigurationList = A00000000000000000000901 /* Build configuration list for PBXNativeTarget "QRScan Pro iOS" */;
			buildPhases = (
				A00000000000000000000601 /* Sources */,
				A00000000000000000000301 /* Frameworks */,
				A00000000000000000000701 /* Resources */,
			);
			buildRules = (
			);
			dependencies = (
			);
			name = "QRScan Pro iOS";
			productName = "QRScan Pro";
			productReference = A00000000000000000000030 /* QRScan Pro.app */;
			productType = "com.apple.product-type.application";
		};
		A00000000000000000000502 /* QRScan Pro Mac */ = {
			isa = PBXNativeTarget;
			buildConfigurationList = A00000000000000000000902 /* Build configuration list for PBXNativeTarget "QRScan Pro Mac" */;
			buildPhases = (
				A00000000000000000000602 /* Sources */,
				A00000000000000000000302 /* Frameworks */,
				A00000000000000000000702 /* Resources */,
			);
			buildRules = (
			);
			dependencies = (
			);
			name = "QRScan Pro Mac";
			productName = "QRScan Pro";
			productReference = A00000000000000000000031 /* QRScan Pro.app */;
			productType = "com.apple.product-type.application";
		};
/* End PBXNativeTarget section */

/* Begin PBXProject section */
		A00000000000000000000800 /* Project object */ = {
			isa = PBXProject;
			attributes = {
				BuildIndependentTargetsInParallel = 1;
				LastSwiftUpdateCheck = 2640;
				LastUpgradeCheck = 2640;
				TargetAttributes = {
					A00000000000000000000501 = {
						CreatedOnToolsVersion = 26.4;
					};
					A00000000000000000000502 = {
						CreatedOnToolsVersion = 26.4;
					};
				};
			};
			buildConfigurationList = A00000000000000000000900 /* Build configuration list for PBXProject "QRScan Pro" */;
			compatibilityVersion = "Xcode 14.0";
			developmentRegion = en;
			hasScannedForEncodings = 0;
			knownRegions = (
				en,
				Base,
			);
			mainGroup = A00000000000000000000400;
			productRefGroup = A00000000000000000000401 /* Products */;
			projectDirPath = "";
			projectRoot = "";
			targets = (
				A00000000000000000000501 /* QRScan Pro iOS */,
				A00000000000000000000502 /* QRScan Pro Mac */,
			);
		};
/* End PBXProject section */

/* Begin PBXResourcesBuildPhase section */
		A00000000000000000000701 /* Resources */ = {
			isa = PBXResourcesBuildPhase;
			buildActionMask = 2147483647;
			files = (
			);
			runOnlyForDeploymentPostprocessing = 0;
		};
		A00000000000000000000702 /* Resources */ = {
			isa = PBXResourcesBuildPhase;
			buildActionMask = 2147483647;
			files = (
			);
			runOnlyForDeploymentPostprocessing = 0;
		};
/* End PBXResourcesBuildPhase section */

/* Begin PBXSourcesBuildPhase section */
		A00000000000000000000601 /* Sources */ = {
			isa = PBXSourcesBuildPhase;
			buildActionMask = 2147483647;
			files = (
				A00000000000000000000102 /* BarcodeModels.swift in Sources */,
				A00000000000000000000104 /* DebugLogger.swift in Sources */,
				A00000000000000000000107 /* PlatformCapability.swift in Sources */,
				A00000000000000000000108 /* BarcodeImageRecognizer.swift in Sources */,
				A00000000000000000000109 /* QRCodeGenerator.swift in Sources */,
				A00000000000000000000110 /* Theme.swift in Sources */,
				A00000000000000000000112 /* Compatibility.swift in Sources */,
				A00000000000000000000113 /* PlatformImageView.swift in Sources */,
				A00000000000000000000114 /* ScannerView.swift in Sources */,
				A00000000000000000000115 /* ScanResultView.swift in Sources */,
				A00000000000000000000116 /* HistoryView.swift in Sources */,
				A00000000000000000000117 /* GeneratorView.swift in Sources */,
				A00000000000000000000118 /* SettingsView.swift in Sources */,
				A00000000000000000000119 /* DebugLogView.swift in Sources */,
				A00000000000000000000120 /* QRScanProApp.swift in Sources */,
				A00000000000000000000121 /* ClipboardService.swift in Sources */,
				A00000000000000000000124 /* LiveScannerContainer.swift in Sources */,
				B00000000000000000000101 /* ScanRecord.swift in Sources */,
				B00000000000000000000102 /* GeneratedRecord.swift in Sources */,
				B00000000000000000000103 /* GenerateConfig.swift in Sources */,
				B00000000000000000000104 /* HistoryItem.swift in Sources */,
				B00000000000000000000105 /* SettingsStore.swift in Sources */,
				B00000000000000000000106 /* HistoryRepository.swift in Sources */,
				B00000000000000000000107 /* DesignTokens.swift in Sources */,
				B00000000000000000000108 /* PlaceholderScreen.swift in Sources */,
				B00000000000000000000109 /* iOSRootView.swift in Sources */,
				B00000000000000000000111 /* HapticFeedback.swift in Sources */,
				B00000000000000000000112 /* InAppBrowserView.swift in Sources */,
				B00000000000000000000113 /* ScannerOverlay.swift in Sources */,
				B00000000000000000000114 /* MacImageRecognitionView.swift in Sources */,
				B00000000000000000000115 /* FileExporter.swift in Sources */,
				B00000000000000000000116 /* ColorHex.swift in Sources */,
				B00000000000000000000117 /* DotShapeRenderer.swift in Sources */,
				B00000000000000000000118 /* LogoCompositor.swift in Sources */,
				B00000000000000000000119 /* ContrastChecker.swift in Sources */,
				B00000000000000000000120 /* PNGExporter.swift in Sources */,
				B00000000000000000000121 /* SVGExporter.swift in Sources */,
				B00000000000000000000122 /* PDFExporter.swift in Sources */,
				B00000000000000000000123 /* CheckerboardBackground.swift in Sources */,
				B00000000000000000000124 /* GeneratorState.swift in Sources */,
				B00000000000000000000125 /* PhotoLibrarySaver.swift in Sources */,
				B00000000000000000000126 /* ShareItemsButton.swift in Sources */,
				B00000000000000000000127 /* ExportDirectoryBookmark.swift in Sources */,
			);
			runOnlyForDeploymentPostprocessing = 0;
		};
		A00000000000000000000602 /* Sources */ = {
			isa = PBXSourcesBuildPhase;
			buildActionMask = 2147483647;
			files = (
				A00000000000000000000202 /* BarcodeModels.swift in Sources */,
				A00000000000000000000204 /* DebugLogger.swift in Sources */,
				A00000000000000000000207 /* PlatformCapability.swift in Sources */,
				A00000000000000000000208 /* BarcodeImageRecognizer.swift in Sources */,
				A00000000000000000000209 /* QRCodeGenerator.swift in Sources */,
				A00000000000000000000210 /* Theme.swift in Sources */,
				A00000000000000000000212 /* Compatibility.swift in Sources */,
				A00000000000000000000213 /* PlatformImageView.swift in Sources */,
				A00000000000000000000214 /* ScannerView.swift in Sources */,
				A00000000000000000000215 /* ScanResultView.swift in Sources */,
				A00000000000000000000216 /* HistoryView.swift in Sources */,
				A00000000000000000000217 /* GeneratorView.swift in Sources */,
				A00000000000000000000218 /* SettingsView.swift in Sources */,
				A00000000000000000000219 /* DebugLogView.swift in Sources */,
				A00000000000000000000220 /* QRScanProMacApp.swift in Sources */,
				A00000000000000000000221 /* ClipboardService.swift in Sources */,
				B00000000000000000000201 /* ScanRecord.swift in Sources */,
				B00000000000000000000202 /* GeneratedRecord.swift in Sources */,
				B00000000000000000000203 /* GenerateConfig.swift in Sources */,
				B00000000000000000000204 /* HistoryItem.swift in Sources */,
				B00000000000000000000205 /* SettingsStore.swift in Sources */,
				B00000000000000000000206 /* HistoryRepository.swift in Sources */,
				B00000000000000000000207 /* DesignTokens.swift in Sources */,
				B00000000000000000000208 /* PlaceholderScreen.swift in Sources */,
				B00000000000000000000210 /* MacRootView.swift in Sources */,
				B00000000000000000000212 /* InAppBrowserView.swift in Sources */,
				B00000000000000000000213 /* ScannerOverlay.swift in Sources */,
				B00000000000000000000214 /* MacImageRecognitionView.swift in Sources */,
				B00000000000000000000215 /* FileExporter.swift in Sources */,
				B00000000000000000000216 /* ColorHex.swift in Sources */,
				B00000000000000000000217 /* DotShapeRenderer.swift in Sources */,
				B00000000000000000000218 /* LogoCompositor.swift in Sources */,
				B00000000000000000000219 /* ContrastChecker.swift in Sources */,
				B00000000000000000000220 /* PNGExporter.swift in Sources */,
				B00000000000000000000221 /* SVGExporter.swift in Sources */,
				B00000000000000000000222 /* PDFExporter.swift in Sources */,
				B00000000000000000000223 /* CheckerboardBackground.swift in Sources */,
				B00000000000000000000224 /* GeneratorState.swift in Sources */,
				B00000000000000000000227 /* ExportDirectoryBookmark.swift in Sources */,
			);
			runOnlyForDeploymentPostprocessing = 0;
		};
/* End PBXSourcesBuildPhase section */

/* Begin XCBuildConfiguration section */
		A00000000000000000001001 /* Debug */ = {
			isa = XCBuildConfiguration;
			buildSettings = {
				ALWAYS_SEARCH_USER_PATHS = NO;
				CLANG_ANALYZER_NONNULL = YES;
				CLANG_ANALYZER_NUMBER_OBJECT_CONVERSION = YES_AGGRESSIVE;
				CLANG_CXX_LANGUAGE_STANDARD = "gnu++20";
				CLANG_ENABLE_MODULES = YES;
				CLANG_ENABLE_OBJC_ARC = YES;
				CLANG_ENABLE_OBJC_WEAK = YES;
				CLANG_WARN_BLOCK_CAPTURE_AUTORELEASING = YES;
				CLANG_WARN_BOOL_CONVERSION = YES;
				CLANG_WARN_COMMA = YES;
				CLANG_WARN_CONSTANT_CONVERSION = YES;
				CLANG_WARN_DEPRECATED_OBJC_IMPLEMENTATIONS = YES;
				CLANG_WARN_DIRECT_OBJC_ISA_USAGE = YES_ERROR;
				CLANG_WARN_DOCUMENTATION_COMMENTS = YES;
				CLANG_WARN_EMPTY_BODY = YES;
				CLANG_WARN_ENUM_CONVERSION = YES;
				CLANG_WARN_INFINITE_RECURSION = YES;
				CLANG_WARN_INT_CONVERSION = YES;
				CLANG_WARN_NON_LITERAL_NULL_CONVERSION = YES;
				CLANG_WARN_OBJC_IMPLICIT_RETAIN_SELF = YES;
				CLANG_WARN_OBJC_LITERAL_CONVERSION = YES;
				CLANG_WARN_OBJC_ROOT_CLASS = YES_ERROR;
				CLANG_WARN_QUOTED_INCLUDE_IN_FRAMEWORK_HEADER = YES;
				CLANG_WARN_RANGE_LOOP_ANALYSIS = YES;
				CLANG_WARN_STRICT_PROTOTYPES = YES;
				CLANG_WARN_SUSPICIOUS_MOVE = YES;
				COPY_PHASE_STRIP = NO;
				DEBUG_INFORMATION_FORMAT = dwarf;
				ENABLE_STRICT_OBJC_MSGSEND = YES;
				ENABLE_TESTABILITY = YES;
				ENABLE_USER_SCRIPT_SANDBOXING = YES;
				GCC_C_LANGUAGE_STANDARD = gnu17;
				GCC_DYNAMIC_NO_PIC = NO;
				GCC_NO_COMMON_BLOCKS = YES;
				GCC_OPTIMIZATION_LEVEL = 0;
				GCC_PREPROCESSOR_DEFINITIONS = (
					"DEBUG=1",
					"$(inherited)",
				);
				GCC_WARN_64_TO_32_BIT_CONVERSION = YES;
				GCC_WARN_ABOUT_RETURN_TYPE = YES_ERROR;
				GCC_WARN_UNDECLARED_SELECTOR = YES;
				GCC_WARN_UNINITIALIZED_AUTOS = YES_AGGRESSIVE;
				GCC_WARN_UNUSED_FUNCTION = YES;
				GCC_WARN_UNUSED_VARIABLE = YES;
				LOCALIZATION_PREFERS_STRING_CATALOGS = YES;
				MTL_ENABLE_DEBUG_INFO = INCLUDE_SOURCE;
				MTL_FAST_MATH = YES;
				ONLY_ACTIVE_ARCH = YES;
				SWIFT_ACTIVE_COMPILATION_CONDITIONS = "DEBUG $(inherited)";
				SWIFT_OPTIMIZATION_LEVEL = "-Onone";
			};
			name = Debug;
		};
		A00000000000000000001002 /* Release */ = {
			isa = XCBuildConfiguration;
			buildSettings = {
				ALWAYS_SEARCH_USER_PATHS = NO;
				CLANG_ANALYZER_NONNULL = YES;
				CLANG_ANALYZER_NUMBER_OBJECT_CONVERSION = YES_AGGRESSIVE;
				CLANG_CXX_LANGUAGE_STANDARD = "gnu++20";
				CLANG_ENABLE_MODULES = YES;
				CLANG_ENABLE_OBJC_ARC = YES;
				CLANG_ENABLE_OBJC_WEAK = YES;
				CLANG_WARN_BLOCK_CAPTURE_AUTORELEASING = YES;
				CLANG_WARN_BOOL_CONVERSION = YES;
				CLANG_WARN_COMMA = YES;
				CLANG_WARN_CONSTANT_CONVERSION = YES;
				CLANG_WARN_DEPRECATED_OBJC_IMPLEMENTATIONS = YES;
				CLANG_WARN_DIRECT_OBJC_ISA_USAGE = YES_ERROR;
				CLANG_WARN_DOCUMENTATION_COMMENTS = YES;
				CLANG_WARN_EMPTY_BODY = YES;
				CLANG_WARN_ENUM_CONVERSION = YES;
				CLANG_WARN_INFINITE_RECURSION = YES;
				CLANG_WARN_INT_CONVERSION = YES;
				CLANG_WARN_NON_LITERAL_NULL_CONVERSION = YES;
				CLANG_WARN_OBJC_IMPLICIT_RETAIN_SELF = YES;
				CLANG_WARN_OBJC_LITERAL_CONVERSION = YES;
				CLANG_WARN_OBJC_ROOT_CLASS = YES_ERROR;
				CLANG_WARN_QUOTED_INCLUDE_IN_FRAMEWORK_HEADER = YES;
				CLANG_WARN_RANGE_LOOP_ANALYSIS = YES;
				CLANG_WARN_STRICT_PROTOTYPES = YES;
				CLANG_WARN_SUSPICIOUS_MOVE = YES;
				COPY_PHASE_STRIP = NO;
				DEBUG_INFORMATION_FORMAT = "dwarf-with-dsym";
				ENABLE_NS_ASSERTIONS = NO;
				ENABLE_STRICT_OBJC_MSGSEND = YES;
				ENABLE_USER_SCRIPT_SANDBOXING = YES;
				GCC_C_LANGUAGE_STANDARD = gnu17;
				GCC_NO_COMMON_BLOCKS = YES;
				GCC_WARN_64_TO_32_BIT_CONVERSION = YES;
				GCC_WARN_ABOUT_RETURN_TYPE = YES_ERROR;
				GCC_WARN_UNDECLARED_SELECTOR = YES;
				GCC_WARN_UNINITIALIZED_AUTOS = YES_AGGRESSIVE;
				GCC_WARN_UNUSED_FUNCTION = YES;
				GCC_WARN_UNUSED_VARIABLE = YES;
				LOCALIZATION_PREFERS_STRING_CATALOGS = YES;
				MTL_ENABLE_DEBUG_INFO = NO;
				MTL_FAST_MATH = YES;
				SWIFT_COMPILATION_MODE = wholemodule;
			};
			name = Release;
		};
		A00000000000000000001101 /* Debug */ = {
			isa = XCBuildConfiguration;
			buildSettings = {
				ASSETCATALOG_COMPILER_GLOBAL_ACCENT_COLOR_NAME = AccentColor;
				CODE_SIGN_STYLE = Automatic;
				CURRENT_PROJECT_VERSION = 1;
				DEVELOPMENT_ASSET_PATHS = "";
				DEVELOPMENT_TEAM = X7S38PP265;
				ENABLE_PREVIEWS = YES;
				GENERATE_INFOPLIST_FILE = YES;
				INFOPLIST_KEY_CFBundleDisplayName = "QRScan Pro";
				INFOPLIST_KEY_NSCameraUsageDescription = "用于扫描二维码和条形码";
				INFOPLIST_KEY_NSPhotoLibraryAddUsageDescription = "用于把生成的二维码保存到相册";
				INFOPLIST_KEY_NSPhotoLibraryUsageDescription = "用于选择图片识别二维码或条形码";
				INFOPLIST_KEY_UIApplicationSceneManifest_Generation = YES;
				INFOPLIST_KEY_UIApplicationSupportsIndirectInputEvents = YES;
				INFOPLIST_KEY_UILaunchScreen_Generation = YES;
				IPHONEOS_DEPLOYMENT_TARGET = 17.0;
				MARKETING_VERSION = 1.0.0;
				PRODUCT_BUNDLE_IDENTIFIER = com.yuxiaor.qrscnpro;
				PRODUCT_NAME = "QRScan Pro";
				SDKROOT = iphoneos;
				SUPPORTED_PLATFORMS = "iphoneos iphonesimulator";
				SUPPORTS_MACCATALYST = NO;
				SWIFT_EMIT_LOC_STRINGS = YES;
				SWIFT_VERSION = 5.0;
				TARGETED_DEVICE_FAMILY = "1,2";
			};
			name = Debug;
		};
		A00000000000000000001102 /* Release */ = {
			isa = XCBuildConfiguration;
			buildSettings = {
				ASSETCATALOG_COMPILER_GLOBAL_ACCENT_COLOR_NAME = AccentColor;
				CODE_SIGN_STYLE = Automatic;
				CURRENT_PROJECT_VERSION = 1;
				DEVELOPMENT_ASSET_PATHS = "";
				DEVELOPMENT_TEAM = X7S38PP265;
				ENABLE_PREVIEWS = YES;
				GENERATE_INFOPLIST_FILE = YES;
				INFOPLIST_KEY_CFBundleDisplayName = "QRScan Pro";
				INFOPLIST_KEY_NSCameraUsageDescription = "用于扫描二维码和条形码";
				INFOPLIST_KEY_NSPhotoLibraryAddUsageDescription = "用于把生成的二维码保存到相册";
				INFOPLIST_KEY_NSPhotoLibraryUsageDescription = "用于选择图片识别二维码或条形码";
				INFOPLIST_KEY_UIApplicationSceneManifest_Generation = YES;
				INFOPLIST_KEY_UIApplicationSupportsIndirectInputEvents = YES;
				INFOPLIST_KEY_UILaunchScreen_Generation = YES;
				IPHONEOS_DEPLOYMENT_TARGET = 17.0;
				MARKETING_VERSION = 1.0.0;
				PRODUCT_BUNDLE_IDENTIFIER = com.yuxiaor.qrscnpro;
				PRODUCT_NAME = "QRScan Pro";
				SDKROOT = iphoneos;
				SUPPORTED_PLATFORMS = "iphoneos iphonesimulator";
				SUPPORTS_MACCATALYST = NO;
				SWIFT_EMIT_LOC_STRINGS = YES;
				SWIFT_VERSION = 5.0;
				TARGETED_DEVICE_FAMILY = "1,2";
			};
			name = Release;
		};
		A00000000000000000001201 /* Debug */ = {
			isa = XCBuildConfiguration;
			buildSettings = {
				ASSETCATALOG_COMPILER_GLOBAL_ACCENT_COLOR_NAME = AccentColor;
				CODE_SIGN_STYLE = Automatic;
				CURRENT_PROJECT_VERSION = 1;
				DEVELOPMENT_TEAM = X7S38PP265;
				ENABLE_HARDENED_RUNTIME = YES;
				ENABLE_PREVIEWS = YES;
				GENERATE_INFOPLIST_FILE = YES;
				INFOPLIST_KEY_CFBundleDisplayName = "QRScan Pro";
				INFOPLIST_KEY_LSApplicationCategoryType = "public.app-category.utilities";
				MACOSX_DEPLOYMENT_TARGET = 14.0;
				MARKETING_VERSION = 1.0.0;
				PRODUCT_BUNDLE_IDENTIFIER = com.yuxiaor.qrscnpro;
				PRODUCT_NAME = "QRScan Pro";
				SDKROOT = macosx;
				SUPPORTED_PLATFORMS = macosx;
				SWIFT_EMIT_LOC_STRINGS = YES;
				SWIFT_VERSION = 5.0;
			};
			name = Debug;
		};
		A00000000000000000001202 /* Release */ = {
			isa = XCBuildConfiguration;
			buildSettings = {
				ASSETCATALOG_COMPILER_GLOBAL_ACCENT_COLOR_NAME = AccentColor;
				CODE_SIGN_STYLE = Automatic;
				CURRENT_PROJECT_VERSION = 1;
				DEVELOPMENT_TEAM = X7S38PP265;
				ENABLE_HARDENED_RUNTIME = YES;
				ENABLE_PREVIEWS = YES;
				GENERATE_INFOPLIST_FILE = YES;
				INFOPLIST_KEY_CFBundleDisplayName = "QRScan Pro";
				INFOPLIST_KEY_LSApplicationCategoryType = "public.app-category.utilities";
				MACOSX_DEPLOYMENT_TARGET = 14.0;
				MARKETING_VERSION = 1.0.0;
				PRODUCT_BUNDLE_IDENTIFIER = com.yuxiaor.qrscnpro;
				PRODUCT_NAME = "QRScan Pro";
				SDKROOT = macosx;
				SUPPORTED_PLATFORMS = macosx;
				SWIFT_EMIT_LOC_STRINGS = YES;
				SWIFT_VERSION = 5.0;
			};
			name = Release;
		};
/* End XCBuildConfiguration section */

/* Begin XCConfigurationList section */
		A00000000000000000000900 /* Build configuration list for PBXProject "QRScan Pro" */ = {
			isa = XCConfigurationList;
			buildConfigurations = (
				A00000000000000000001001 /* Debug */,
				A00000000000000000001002 /* Release */,
			);
			defaultConfigurationIsVisible = 0;
			defaultConfigurationName = Release;
		};
		A00000000000000000000901 /* Build configuration list for PBXNativeTarget "QRScan Pro iOS" */ = {
			isa = XCConfigurationList;
			buildConfigurations = (
				A00000000000000000001101 /* Debug */,
				A00000000000000000001102 /* Release */,
			);
			defaultConfigurationIsVisible = 0;
			defaultConfigurationName = Release;
		};
		A00000000000000000000902 /* Build configuration list for PBXNativeTarget "QRScan Pro Mac" */ = {
			isa = XCConfigurationList;
			buildConfigurations = (
				A00000000000000000001201 /* Debug */,
				A00000000000000000001202 /* Release */,
			);
			defaultConfigurationIsVisible = 0;
			defaultConfigurationName = Release;
		};
/* End XCConfigurationList section */
	};
	rootObject = A00000000000000000000800 /* Project object */;
}
